
Microsoft Visual Studio Solution File, Format Version 12.00
# Visual Studio Version 17
VisualStudioVersion = 17.0.32014.148
MinimumVisualStudioVersion = 10.0.40219.1
Project("{8BC9CEB8-8B4A-11D0-8D11-00A0C91BC942}") = "LearningVulkan", "LearningVulkan\LearningVulkan.vcxproj", "{B7C9B4B2-71FF-4FD1-B6E2-9BCEC63A7B21}"
EndProject
Global
	GlobalSection(SolutionConfigurationPlatforms) = preSolution
		Debug|x64 = Debug|x64
		Release|x64 = Release|x64
	EndGlobalSection
	GlobalSection(ProjectConfigurationPlatforms) = postSolution
		{B7C9B4B2-71FF-4FD1-B6E2-9BCEC63A7B21}.Debug|x64.ActiveCfg = Debug|x64
		{B7C9B4B2-71FF-4FD1-B6E2-9BCEC63A7B21}.Debug|x64.Build.0 = Debug|x64
		{B7C9B4B2-71FF-4FD1-B6E2-9BCEC63A7B21}.Release|x64.ActiveCfg = Release|x64
		{B7C9B4B2-71FF-4FD1-B6E2-9BCEC63A7B21}.Release|x64.Build.0 = Release|x64
	EndGlobalSection
	GlobalSection(SolutionProperties) = preSolution
		HideSolutionNode = FALSE
	EndGlobalSection
	GlobalSection(ExtensibilityGlobals) = postSolution
		SolutionGuid = {FB2C81A8-3A34-40A3-AE29-4CAB234B54BB}
	EndGlobalSection
EndGlobal
